{
  "pins" : [
    {
      "identity" : "licensekit",
      "kind" : "remoteSourceControl",
      "location" : "https://github.com/LicenseKit/LicenseKit",
      "state" : {
        "revision" : "e09bcb7b60a2cc95472f66ff64eb0e76250fc215",
        "version" : "1.1.0"
      }
    }
  ],
  "version" : 2
}
