{
  "originHash" : "6ab1caa363602329bf69d5e99acb003eea4997f6361f84494d95f477a0ab19da",
  "pins" : [
    {
      "identity" : "licensekit",
      "kind" : "remoteSourceControl",
      "location" : "https://github.com/LicenseKit/LicenseKit",
      "state" : {
        "revision" : "6214a71d7e4c2d0283c69bc8512b5ce2a3f756b4",
        "version" : "2.0.1"
      }
    }
  ],
  "version" : 3
}
