{
  "pins" : [
    {
      "identity" : "licensekit",
      "kind" : "remoteSourceControl",
      "location" : "https://github.com/LicenseKit/LicenseKit",
      "state" : {
        "revision" : "a34a9d18ae76dfc7a4e784ec0113d04f69338b0c",
        "version" : "0.2.0"
      }
    }
  ],
  "version" : 2
}
