{
  "pins" : [
    {
      "identity" : "licensekit",
      "kind" : "remoteSourceControl",
      "location" : "https://github.com/LicenseKit/LicenseKit",
      "state" : {
        "revision" : "457ce817dbceec94634550b0b1cbc6da2b0f1fba",
        "version" : "0.7.0"
      }
    }
  ],
  "version" : 2
}
