{
  "originHash" : "1bc6fa89a2293608ca9acebd87841885dd670f7580692ddc7e08a2404220360b",
  "pins" : [
    {
      "identity" : "licensekit",
      "kind" : "remoteSourceControl",
      "location" : "https://github.com/LicenseKit/LicenseKit",
      "state" : {
        "branch" : "2.1.2-multiplatform",
        "revision" : "683acd7bd4dbeed043e18ce8cbc6371113c6308d"
      }
    }
  ],
  "version" : 3
}
